// !$*UTF8*$!
{
	archiveVersion = 1;
	classes = {
	};
	objectVersion = 56;
	objects = {

/* Begin PBXBuildFile section */
		F63D7D192AD0597F008B729D /* Swift_AppLifeCycleApp.swift in Sources */ = {isa = PBXBuildFile; fileRef = F63D7D182AD0597F008B729D /* Swift_AppLifeCycleApp.swift */; };
		F63D7D1B2AD0597F008B729D /* ContentView.swift in Sources */ = {isa = PBXBuildFile; fileRef = F63D7D1A2AD0597F008B729D /* ContentView.swift */; };
		F63D7D1D2AD05981008B729D /* Assets.xcassets in Resources */ = {isa = PBXBuildFile; fileRef = F63D7D1C2AD05981008B729D /* Assets.xcassets */; };
		F63D7D202AD05981008B729D /* Preview Assets.xcassets in Resources */ = {isa = PBXBuildFile; fileRef = F63D7D1F2AD05981008B729D /* Preview Assets.xcassets */; };
		F63D7D272AD05CAA008B729D /* ApplicationLifeCycleState.swift in Sources */ = {isa = PBXBuildFile; fileRef = F63D7D262AD05CAA008B729D /* ApplicationLifeCycleState.swift */; };
		F63D7D292AD05CC2008B729D /* ApplicationLifeCycleManager.swift in Sources */ = {isa = PBXBuildFile; fileRef = F63D7D282AD05CC2008B729D /* ApplicationLifeCycleManager.swift */; };
		F63D7D2B2AD0602A008B729D /* ApplicationLifeCycleManager+post.swift in Sources */ = {isa = PBXBuildFile; fileRef = F63D7D2A2AD0602A008B729D /* ApplicationLifeCycleManager+post.swift */; };
/* End PBXBuildFile section */

/* Begin PBXFileReference section */
		F63D7D152AD0597F008B729D /* Swift_AppLifeCycle.app */ = {isa = PBXFileReference; explicitFileType = wrapper.application; includeInIndex = 0; path = Swift_AppLifeCycle.app; sourceTree = BUILT_PRODUCTS_DIR; };
		F63D7D182AD0597F008B729D /* Swift_AppLifeCycleApp.swift */ = {isa = PBXFileReference; lastKnownFileType = sourcecode.swift; path = Swift_AppLifeCycleApp.swift; sourceTree = "<group>"; };
		F63D7D1A2AD0597F008B729D /* ContentView.swift */ = {isa = PBXFileReference; lastKnownFileType = sourcecode.swift; path = ContentView.swift; sourceTree = "<group>"; };
		F63D7D1C2AD05981008B729D /* Assets.xcassets */ = {isa = PBXFileReference; lastKnownFileType = folder.assetcatalog; path = Assets.xcassets; sourceTree = "<group>"; };
		F63D7D1F2AD05981008B729D /* Preview Assets.xcassets */ = {isa = PBXFileReference; lastKnownFileType = folder.assetcatalog; path = "Preview Assets.xcassets"; sourceTree = "<group>"; };
		F63D7D262AD05CAA008B729D /* ApplicationLifeCycleState.swift */ = {isa = PBXFileReference; lastKnownFileType = sourcecode.swift; path = ApplicationLifeCycleState.swift; sourceTree = "<group>"; };
		F63D7D282AD05CC2008B729D /* ApplicationLifeCycleManager.swift */ = {isa = PBXFileReference; lastKnownFileType = sourcecode.swift; path = ApplicationLifeCycleManager.swift; sourceTree = "<group>"; };
		F63D7D2A2AD0602A008B729D /* ApplicationLifeCycleManager+post.swift */ = {isa = PBXFileReference; lastKnownFileType = sourcecode.swift; path = "ApplicationLifeCycleManager+post.swift"; sourceTree = "<group>"; };
/* End PBXFileReference section */

/* Begin PBXFrameworksBuildPhase section */
		F63D7D122AD0597F008B729D /* Frameworks */ = {
			isa = PBXFrameworksBuildPhase;
			buildActionMask = 2147483647;
			files = (
			);
			runOnlyForDeploymentPostprocessing = 0;
		};
/* End PBXFrameworksBuildPhase section */

/* Begin PBXGroup section */
		F63D7D0C2AD0597F008B729D = {
			isa = PBXGroup;
			children = (
				F63D7D172AD0597F008B729D /* Swift_AppLifeCycle */,
				F63D7D162AD0597F008B729D /* Products */,
			);
			sourceTree = "<group>";
		};
		F63D7D162AD0597F008B729D /* Products */ = {
			isa = PBXGroup;
			children = (
				F63D7D152AD0597F008B729D /* Swift_AppLifeCycle.app */,
			);
			name = Products;
			sourceTree = "<group>";
		};
		F63D7D172AD0597F008B729D /* Swift_AppLifeCycle */ = {
			isa = PBXGroup;
			children = (
				F63D7D182AD0597F008B729D /* Swift_AppLifeCycleApp.swift */,
				F63D7D1A2AD0597F008B729D /* ContentView.swift */,
				F63D7D262AD05CAA008B729D /* ApplicationLifeCycleState.swift */,
				F63D7D282AD05CC2008B729D /* ApplicationLifeCycleManager.swift */,
				F63D7D2A2AD0602A008B729D /* ApplicationLifeCycleManager+post.swift */,
				F63D7D1C2AD05981008B729D /* Assets.xcassets */,
				F63D7D1E2AD05981008B729D /* Preview Content */,
			);
			path = Swift_AppLifeCycle;
			sourceTree = "<group>";
		};
		F63D7D1E2AD05981008B729D /* Preview Content */ = {
			isa = PBXGroup;
			children = (
				F63D7D1F2AD05981008B729D /* Preview Assets.xcassets */,
			);
			path = "Preview Content";
			sourceTree = "<group>";
		};
/* End PBXGroup section */

/* Begin PBXNativeTarget section */
		F63D7D142AD0597F008B729D /* Swift_AppLifeCycle */ = {
			isa = PBXNativeTarget;
			buildConfigurationList = F63D7D232AD05981008B729D /* Build configuration list for PBXNativeTarget "Swift_AppLifeCycle" */;
			buildPhases = (
				F63D7D112AD0597F008B729D /* Sources */,
				F63D7D122AD0597F008B729D /* Frameworks */,
				F63D7D132AD0597F008B729D /* Resources */,
			);
			buildRules = (
			);
			dependencies = (
			);
			name = Swift_AppLifeCycle;
			productName = Swift_AppLifeCycle;
			productReference = F63D7D152AD0597F008B729D /* Swift_AppLifeCycle.app */;
			productType = "com.apple.product-type.application";
		};
/* End PBXNativeTarget section */

/* Begin PBXProject section */
		F63D7D0D2AD0597F008B729D /* Project object */ = {
			isa = PBXProject;
			attributes = {
				BuildIndependentTargetsInParallel = 1;
				LastSwiftUpdateCheck = 1430;
				LastUpgradeCheck = 1430;
				TargetAttributes = {
					F63D7D142AD0597F008B729D = {
						CreatedOnToolsVersion = 14.3.1;
					};
				};
			};
			buildConfigurationList = F63D7D102AD0597F008B729D /* Build configuration list for PBXProject "Swift_AppLifeCycle" */;
			compatibilityVersion = "Xcode 14.0";
			developmentRegion = en;
			hasScannedForEncodings = 0;
			knownRegions = (
				en,
				Base,
			);
			mainGroup = F63D7D0C2AD0597F008B729D;
			productRefGroup = F63D7D162AD0597F008B729D /* Products */;
			projectDirPath = "";
			projectRoot = "";
			targets = (
				F63D7D142AD0597F008B729D /* Swift_AppLifeCycle */,
			);
		};
/* End PBXProject section */

/* Begin PBXResourcesBuildPhase section */
		F63D7D132AD0597F008B729D /* Resources */ = {
			isa = PBXResourcesBuildPhase;
			buildActionMask = 2147483647;
			files = (
				F63D7D202AD05981008B729D /* Preview Assets.xcassets in Resources */,
				F63D7D1D2AD05981008B729D /* Assets.xcassets in Resources */,
			);
			runOnlyForDeploymentPostprocessing = 0;
		};
/* End PBXResourcesBuildPhase section */

/* Begin PBXSourcesBuildPhase section */
		F63D7D112AD0597F008B729D /* Sources */ = {
			isa = PBXSourcesBuildPhase;
			buildActionMask = 2147483647;
			files = (
				F63D7D292AD05CC2008B729D /* ApplicationLifeCycleManager.swift in Sources */,
				F63D7D272AD05CAA008B729D /* ApplicationLifeCycleState.swift in Sources */,
				F63D7D2B2AD0602A008B729D /* ApplicationLifeCycleManager+post.swift in Sources */,
				F63D7D1B2AD0597F008B729D /* ContentView.swift in Sources */,
				F63D7D192AD0597F008B729D /* Swift_AppLifeCycleApp.swift in Sources */,
			);
			runOnlyForDeploymentPostprocessing = 0;
		};
/* End PBXSourcesBuildPhase section */

/* Begin XCBuildConfiguration section */
		F63D7D212AD05981008B729D /* Debug */ = {
			isa = XCBuildConfiguration;
			buildSettings = {
				ALWAYS_SEARCH_USER_PATHS = NO;
				CLANG_ANALYZER_NONNULL = YES;
				CLANG_ANALYZER_NUMBER_OBJECT_CONVERSION = YES_AGGRESSIVE;
				CLANG_CXX_LANGUAGE_STANDARD = "gnu++20";
				CLANG_ENABLE_MODULES = YES;
				CLANG_ENABLE_OBJC_ARC = YES;
				CLANG_ENABLE_OBJC_WEAK = YES;
				CLANG_WARN_BLOCK_CAPTURE_AUTORELEASING = YES;
				CLANG_WARN_BOOL_CONVERSION = YES;
				CLANG_WARN_COMMA = YES;
				CLANG_WARN_CONSTANT_CONVERSION = YES;
				CLANG_WARN_DEPRECATED_OBJC_IMPLEMENTATIONS = YES;
				CLANG_WARN_DIRECT_OBJC_ISA_USAGE = YES_ERROR;
				CLANG_WARN_DOCUMENTATION_COMMENTS = YES;
				CLANG_WARN_EMPTY_BODY = YES;
				CLANG_WARN_ENUM_CONVERSION = YES;
				CLANG_WARN_INFINITE_RECURSION = YES;
				CLANG_WARN_INT_CONVERSION = YES;
				CLANG_WARN_NON_LITERAL_NULL_CONVERSION = YES;
				CLANG_WARN_OBJC_IMPLICIT_RETAIN_SELF = YES;
				CLANG_WARN_OBJC_LITERAL_CONVERSION = YES;
				CLANG_WARN_OBJC_ROOT_CLASS = YES_ERROR;
				CLANG_WARN_QUOTED_INCLUDE_IN_FRAMEWORK_HEADER = YES;
				CLANG_WARN_RANGE_LOOP_ANALYSIS = YES;
				CLANG_WARN_STRICT_PROTOTYPES = YES;
				CLANG_WARN_SUSPICIOUS_MOVE = YES;
				CLANG_WARN_UNGUARDED_AVAILABILITY = YES_AGGRESSIVE;
				CLANG_WARN_UNREACHABLE_CODE = YES;
				CLANG_WARN__DUPLICATE_METHOD_MATCH = YES;
				COPY_PHASE_STRIP = NO;
				DEBUG_INFORMATION_FORMAT = dwarf;
				ENABLE_STRICT_OBJC_MSGSEND = YES;
				ENABLE_TESTABILITY = YES;
				GCC_C_LANGUAGE_STANDARD = gnu11;
				GCC_DYNAMIC_NO_PIC = NO;
				GCC_NO_COMMON_BLOCKS = YES;
				GCC_OPTIMIZATION_LEVEL = 0;
				GCC_PREPROCESSOR_DEFINITIONS = (
					"DEBUG=1",
					"$(inherited)",
				);
				GCC_WARN_64_TO_32_BIT_CONVERSION = YES;
				GCC_WARN_ABOUT_RETURN_TYPE = YES_ERROR;
				GCC_WARN_UNDECLARED_SELECTOR = YES;
				GCC_WARN_UNINITIALIZED_AUTOS = YES_AGGRESSIVE;
				GCC_WARN_UNUSED_FUNCTION = YES;
				GCC_WARN_UNUSED_VARIABLE = YES;
				IPHONEOS_DEPLOYMENT_TARGET = 16.4;
				MTL_ENABLE_DEBUG_INFO = INCLUDE_SOURCE;
				MTL_FAST_MATH = YES;
				ONLY_ACTIVE_ARCH = YES;
				SDKROOT = iphoneos;
				SWIFT_ACTIVE_COMPILATION_CONDITIONS = DEBUG;
				SWIFT_OPTIMIZATION_LEVEL = "-Onone";
			};
			name = Debug;
		};
		F63D7D222AD05981008B729D /* Release */ = {
			isa = XCBuildConfiguration;
			buildSettings = {
				ALWAYS_SEARCH_USER_PATHS = NO;
				CLANG_ANALYZER_NONNULL = YES;
				CLANG_ANALYZER_NUMBER_OBJECT_CONVERSION = YES_AGGRESSIVE;
				CLANG_CXX_LANGUAGE_STANDARD = "gnu++20";
				CLANG_ENABLE_MODULES = YES;
				CLANG_ENABLE_OBJC_ARC = YES;
				CLANG_ENABLE_OBJC_WEAK = YES;
				CLANG_WARN_BLOCK_CAPTURE_AUTORELEASING = YES;
				CLANG_WARN_BOOL_CONVERSION = YES;
				CLANG_WARN_COMMA = YES;
				CLANG_WARN_CONSTANT_CONVERSION = YES;
				CLANG_WARN_DEPRECATED_OBJC_IMPLEMENTATIONS = YES;
				CLANG_WARN_DIRECT_OBJC_ISA_USAGE = YES_ERROR;
				CLANG_WARN_DOCUMENTATION_COMMENTS = YES;
				CLANG_WARN_EMPTY_BODY = YES;
				CLANG_WARN_ENUM_CONVERSION = YES;
				CLANG_WARN_INFINITE_RECURSION = YES;
				CLANG_WARN_INT_CONVERSION = YES;
				CLANG_WARN_NON_LITERAL_NULL_CONVERSION = YES;
				CLANG_WARN_OBJC_IMPLICIT_RETAIN_SELF = YES;
				CLANG_WARN_OBJC_LITERAL_CONVERSION = YES;
				CLANG_WARN_OBJC_ROOT_CLASS = YES_ERROR;
				CLANG_WARN_QUOTED_INCLUDE_IN_FRAMEWORK_HEADER = YES;
				CLANG_WARN_RANGE_LOOP_ANALYSIS = YES;
				CLANG_WARN_STRICT_PROTOTYPES = YES;
				CLANG_WARN_SUSPICIOUS_MOVE = YES;
				CLANG_WARN_UNGUARDED_AVAILABILITY = YES_AGGRESSIVE;
				CLANG_WARN_UNREACHABLE_CODE = YES;
				CLANG_WARN__DUPLICATE_METHOD_MATCH = YES;
				COPY_PHASE_STRIP = NO;
				DEBUG_INFORMATION_FORMAT = "dwarf-with-dsym";
				ENABLE_NS_ASSERTIONS = NO;
				ENABLE_STRICT_OBJC_MSGSEND = YES;
				GCC_C_LANGUAGE_STANDARD = gnu11;
				GCC_NO_COMMON_BLOCKS = YES;
				GCC_WARN_64_TO_32_BIT_CONVERSION = YES;
				GCC_WARN_ABOUT_RETURN_TYPE = YES_ERROR;
				GCC_WARN_UNDECLARED_SELECTOR = YES;
				GCC_WARN_UNINITIALIZED_AUTOS = YES_AGGRESSIVE;
				GCC_WARN_UNUSED_FUNCTION = YES;
				GCC_WARN_UNUSED_VARIABLE = YES;
				IPHONEOS_DEPLOYMENT_TARGET = 16.4;
				MTL_ENABLE_DEBUG_INFO = NO;
				MTL_FAST_MATH = YES;
				SDKROOT = iphoneos;
				SWIFT_COMPILATION_MODE = wholemodule;
				SWIFT_OPTIMIZATION_LEVEL = "-O";
				VALIDATE_PRODUCT = YES;
			};
			name = Release;
		};
		F63D7D242AD05981008B729D /* Debug */ = {
			isa = XCBuildConfiguration;
			buildSettings = {
				ASSETCATALOG_COMPILER_APPICON_NAME = AppIcon;
				ASSETCATALOG_COMPILER_GLOBAL_ACCENT_COLOR_NAME = AccentColor;
				CODE_SIGN_STYLE = Automatic;
				CURRENT_PROJECT_VERSION = 1;
				DEVELOPMENT_ASSET_PATHS = "\"Swift_AppLifeCycle/Preview Content\"";
				DEVELOPMENT_TEAM = 4574F346W6;
				ENABLE_PREVIEWS = YES;
				GENERATE_INFOPLIST_FILE = YES;
				INFOPLIST_KEY_UIApplicationSceneManifest_Generation = YES;
				INFOPLIST_KEY_UIApplicationSupportsIndirectInputEvents = YES;
				INFOPLIST_KEY_UILaunchScreen_Generation = YES;
				INFOPLIST_KEY_UISupportedInterfaceOrientations_iPad = "UIInterfaceOrientationPortrait UIInterfaceOrientationPortraitUpsideDown UIInterfaceOrientationLandscapeLeft UIInterfaceOrientationLandscapeRight";
				INFOPLIST_KEY_UISupportedInterfaceOrientations_iPhone = "UIInterfaceOrientationPortrait UIInterfaceOrientationLandscapeLeft UIInterfaceOrientationLandscapeRight";
				LD_RUNPATH_SEARCH_PATHS = (
					"$(inherited)",
					"@executable_path/Frameworks",
				);
				MARKETING_VERSION = 1.0;
				PRODUCT_BUNDLE_IDENTIFIER = "com.unseenexcellence.Swift-AppLifeCycle";
				PRODUCT_NAME = "$(TARGET_NAME)";
				SWIFT_EMIT_LOC_STRINGS = YES;
				SWIFT_VERSION = 5.0;
				TARGETED_DEVICE_FAMILY = "1,2";
			};
			name = Debug;
		};
		F63D7D252AD05981008B729D /* Release */ = {
			isa = XCBuildConfiguration;
			buildSettings = {
				ASSETCATALOG_COMPILER_APPICON_NAME = AppIcon;
				ASSETCATALOG_COMPILER_GLOBAL_ACCENT_COLOR_NAME = AccentColor;
				CODE_SIGN_STYLE = Automatic;
				CURRENT_PROJECT_VERSION = 1;
				DEVELOPMENT_ASSET_PATHS = "\"Swift_AppLifeCycle/Preview Content\"";
				DEVELOPMENT_TEAM = 4574F346W6;
				ENABLE_PREVIEWS = YES;
				GENERATE_INFOPLIST_FILE = YES;
				INFOPLIST_KEY_UIApplicationSceneManifest_Generation = YES;
				INFOPLIST_KEY_UIApplicationSupportsIndirectInputEvents = YES;
				INFOPLIST_KEY_UILaunchScreen_Generation = YES;
				INFOPLIST_KEY_UISupportedInterfaceOrientations_iPad = "UIInterfaceOrientationPortrait UIInterfaceOrientationPortraitUpsideDown UIInterfaceOrientationLandscapeLeft UIInterfaceOrientationLandscapeRight";
				INFOPLIST_KEY_UISupportedInterfaceOrientations_iPhone = "UIInterfaceOrientationPortrait UIInterfaceOrientationLandscapeLeft UIInterfaceOrientationLandscapeRight";
				LD_RUNPATH_SEARCH_PATHS = (
					"$(inherited)",
					"@executable_path/Frameworks",
				);
				MARKETING_VERSION = 1.0;
				PRODUCT_BUNDLE_IDENTIFIER = "com.unseenexcellence.Swift-AppLifeCycle";
				PRODUCT_NAME = "$(TARGET_NAME)";
				SWIFT_EMIT_LOC_STRINGS = YES;
				SWIFT_VERSION = 5.0;
				TARGETED_DEVICE_FAMILY = "1,2";
			};
			name = Release;
		};
/* End XCBuildConfiguration section */

/* Begin XCConfigurationList section */
		F63D7D102AD0597F008B729D /* Build configuration list for PBXProject "Swift_AppLifeCycle" */ = {
			isa = XCConfigurationList;
			buildConfigurations = (
				F63D7D212AD05981008B729D /* Debug */,
				F63D7D222AD05981008B729D /* Release */,
			);
			defaultConfigurationIsVisible = 0;
			defaultConfigurationName = Release;
		};
		F63D7D232AD05981008B729D /* Build configuration list for PBXNativeTarget "Swift_AppLifeCycle" */ = {
			isa = XCConfigurationList;
			buildConfigurations = (
				F63D7D242AD05981008B729D /* Debug */,
				F63D7D252AD05981008B729D /* Release */,
			);
			defaultConfigurationIsVisible = 0;
			defaultConfigurationName = Release;
		};
/* End XCConfigurationList section */
	};
	rootObject = F63D7D0D2AD0597F008B729D /* Project object */;
}
